// !$*UTF8*$!
{
	archiveVersion = 1;
	classes = {
	};
	objectVersion = 56;
	objects = {

/* Begin PBXBuildFile section */
		7A4634672904333400475FBA /* Snapshot.swift in Sources */ = {isa = PBXBuildFile; fileRef = 7A4634662904333400475FBA /* Snapshot.swift */; };
		7A4773EF2900728D0014E7FD /* AddSub.swift in Sources */ = {isa = PBXBuildFile; fileRef = 7A4773EE2900728D0014E7FD /* AddSub.swift */; };
		7A4773F1290072B10014E7FD /* Multiplikation.swift in Sources */ = {isa = PBXBuildFile; fileRef = 7A4773F0290072B10014E7FD /* Multiplikation.swift */; };
		7A4773F3290072C70014E7FD /* Division.swift in Sources */ = {isa = PBXBuildFile; fileRef = 7A4773F2290072C70014E7FD /* Division.swift */; };
		7A4773F62900730A0014E7FD /* Slerp.swift in Sources */ = {isa = PBXBuildFile; fileRef = 7A4773F52900730A0014E7FD /* Slerp.swift */; };
		7A4773F8290073180014E7FD /* Spline.swift in Sources */ = {isa = PBXBuildFile; fileRef = 7A4773F7290073180014E7FD /* Spline.swift */; };
		7A4773FA290073260014E7FD /* Gyro.swift in Sources */ = {isa = PBXBuildFile; fileRef = 7A4773F9290073260014E7FD /* Gyro.swift */; };
		7A4773FC2900744A0014E7FD /* Playground.swift in Sources */ = {isa = PBXBuildFile; fileRef = 7A4773FB2900744A0014E7FD /* Playground.swift */; };
		7A5651D728F08BE2004DBA22 /* WSeminarApp.swift in Sources */ = {isa = PBXBuildFile; fileRef = 7A5651D628F08BE2004DBA22 /* WSeminarApp.swift */; };
		7A5651D928F08BE2004DBA22 /* ContentView.swift in Sources */ = {isa = PBXBuildFile; fileRef = 7A5651D828F08BE2004DBA22 /* ContentView.swift */; };
		7A5651DB28F08BE3004DBA22 /* Assets.xcassets in Resources */ = {isa = PBXBuildFile; fileRef = 7A5651DA28F08BE3004DBA22 /* Assets.xcassets */; };
		7A5651DE28F08BE3004DBA22 /* Preview Assets.xcassets in Resources */ = {isa = PBXBuildFile; fileRef = 7A5651DD28F08BE3004DBA22 /* Preview Assets.xcassets */; };
		7A69C20629326A8800525019 /* Template.swift in Sources */ = {isa = PBXBuildFile; fileRef = 7A69C20529326A8800525019 /* Template.swift */; };
		7A69C2082932711D00525019 /* GyroExtension.swift in Sources */ = {isa = PBXBuildFile; fileRef = 7A69C2072932711D00525019 /* GyroExtension.swift */; };
		7A69C20A29338A2000525019 /* SceneKitSupport.swift in Sources */ = {isa = PBXBuildFile; fileRef = 7A69C20929338A2000525019 /* SceneKitSupport.swift */; };
		7ACF0D7929196766000EC057 /* Numpad.swift in Sources */ = {isa = PBXBuildFile; fileRef = 7ACF0D7829196766000EC057 /* Numpad.swift */; };
		7AEF93BE291C1B17000F9544 /* Rendering.swift in Sources */ = {isa = PBXBuildFile; fileRef = 7AEF93BD291C1B17000F9544 /* Rendering.swift */; };
/* End PBXBuildFile section */

/* Begin PBXFileReference section */
		7A4634662904333400475FBA /* Snapshot.swift */ = {isa = PBXFileReference; lastKnownFileType = sourcecode.swift; path = Snapshot.swift; sourceTree = "<group>"; };
		7A4773EE2900728D0014E7FD /* AddSub.swift */ = {isa = PBXFileReference; lastKnownFileType = sourcecode.swift; path = AddSub.swift; sourceTree = "<group>"; };
		7A4773F0290072B10014E7FD /* Multiplikation.swift */ = {isa = PBXFileReference; lastKnownFileType = sourcecode.swift; path = Multiplikation.swift; sourceTree = "<group>"; };
		7A4773F2290072C70014E7FD /* Division.swift */ = {isa = PBXFileReference; lastKnownFileType = sourcecode.swift; path = Division.swift; sourceTree = "<group>"; };
		7A4773F52900730A0014E7FD /* Slerp.swift */ = {isa = PBXFileReference; lastKnownFileType = sourcecode.swift; path = Slerp.swift; sourceTree = "<group>"; };
		7A4773F7290073180014E7FD /* Spline.swift */ = {isa = PBXFileReference; lastKnownFileType = sourcecode.swift; path = Spline.swift; sourceTree = "<group>"; };
		7A4773F9290073260014E7FD /* Gyro.swift */ = {isa = PBXFileReference; lastKnownFileType = sourcecode.swift; path = Gyro.swift; sourceTree = "<group>"; };
		7A4773FB2900744A0014E7FD /* Playground.swift */ = {isa = PBXFileReference; lastKnownFileType = sourcecode.swift; path = Playground.swift; sourceTree = "<group>"; };
		7A5651D328F08BE2004DBA22 /* ExploreQuaternions.app */ = {isa = PBXFileReference; explicitFileType = wrapper.application; includeInIndex = 0; path = ExploreQuaternions.app; sourceTree = BUILT_PRODUCTS_DIR; };
		7A5651D628F08BE2004DBA22 /* WSeminarApp.swift */ = {isa = PBXFileReference; lastKnownFileType = sourcecode.swift; path = WSeminarApp.swift; sourceTree = "<group>"; };
		7A5651D828F08BE2004DBA22 /* ContentView.swift */ = {isa = PBXFileReference; lastKnownFileType = sourcecode.swift; path = ContentView.swift; sourceTree = "<group>"; };
		7A5651DA28F08BE3004DBA22 /* Assets.xcassets */ = {isa = PBXFileReference; lastKnownFileType = folder.assetcatalog; path = Assets.xcassets; sourceTree = "<group>"; };
		7A5651DD28F08BE3004DBA22 /* Preview Assets.xcassets */ = {isa = PBXFileReference; lastKnownFileType = folder.assetcatalog; path = "Preview Assets.xcassets"; sourceTree = "<group>"; };
		7A69C20529326A8800525019 /* Template.swift */ = {isa = PBXFileReference; lastKnownFileType = sourcecode.swift; path = Template.swift; sourceTree = "<group>"; };
		7A69C2072932711D00525019 /* GyroExtension.swift */ = {isa = PBXFileReference; lastKnownFileType = sourcecode.swift; path = GyroExtension.swift; sourceTree = "<group>"; };
		7A69C20929338A2000525019 /* SceneKitSupport.swift */ = {isa = PBXFileReference; lastKnownFileType = sourcecode.swift; path = SceneKitSupport.swift; sourceTree = "<group>"; };
		7ACF0D7829196766000EC057 /* Numpad.swift */ = {isa = PBXFileReference; lastKnownFileType = sourcecode.swift; path = Numpad.swift; sourceTree = "<group>"; };
		7AEF93BD291C1B17000F9544 /* Rendering.swift */ = {isa = PBXFileReference; lastKnownFileType = sourcecode.swift; path = Rendering.swift; sourceTree = "<group>"; };
/* End PBXFileReference section */

/* Begin PBXFrameworksBuildPhase section */
		7A5651D028F08BE2004DBA22 /* Frameworks */ = {
			isa = PBXFrameworksBuildPhase;
			buildActionMask = 2147483647;
			files = (
			);
			runOnlyForDeploymentPostprocessing = 0;
		};
/* End PBXFrameworksBuildPhase section */

/* Begin PBXGroup section */
		7A4773ED290072490014E7FD /* Grundrechenarten */ = {
			isa = PBXGroup;
			children = (
				7A4773EE2900728D0014E7FD /* AddSub.swift */,
				7A4773F0290072B10014E7FD /* Multiplikation.swift */,
				7A4773F2290072C70014E7FD /* Division.swift */,
				7ACF0D7829196766000EC057 /* Numpad.swift */,
			);
			path = Grundrechenarten;
			sourceTree = "<group>";
		};
		7A4773F4290072CE0014E7FD /* Rotation */ = {
			isa = PBXGroup;
			children = (
				7A4773F52900730A0014E7FD /* Slerp.swift */,
				7A4773F7290073180014E7FD /* Spline.swift */,
				7A4773F9290073260014E7FD /* Gyro.swift */,
				7A4773FB2900744A0014E7FD /* Playground.swift */,
			);
			path = Rotation;
			sourceTree = "<group>";
		};
		7A5651CA28F08BE2004DBA22 = {
			isa = PBXGroup;
			children = (
				7A5651D528F08BE2004DBA22 /* WSeminar */,
				7A5651D428F08BE2004DBA22 /* Products */,
			);
			sourceTree = "<group>";
		};
		7A5651D428F08BE2004DBA22 /* Products */ = {
			isa = PBXGroup;
			children = (
				7A5651D328F08BE2004DBA22 /* ExploreQuaternions.app */,
			);
			name = Products;
			sourceTree = "<group>";
		};
		7A5651D528F08BE2004DBA22 /* WSeminar */ = {
			isa = PBXGroup;
			children = (
				7A69C20429326A6E00525019 /* Presentation */,
				7AEF93BC291C1AFF000F9544 /* Extensions */,
				7A4773F4290072CE0014E7FD /* Rotation */,
				7A4773ED290072490014E7FD /* Grundrechenarten */,
				7A5651D628F08BE2004DBA22 /* WSeminarApp.swift */,
				7A5651D828F08BE2004DBA22 /* ContentView.swift */,
				7A5651DA28F08BE3004DBA22 /* Assets.xcassets */,
				7A5651DC28F08BE3004DBA22 /* Preview Content */,
				7A4634662904333400475FBA /* Snapshot.swift */,
			);
			path = WSeminar;
			sourceTree = "<group>";
		};
		7A5651DC28F08BE3004DBA22 /* Preview Content */ = {
			isa = PBXGroup;
			children = (
				7A5651DD28F08BE3004DBA22 /* Preview Assets.xcassets */,
			);
			path = "Preview Content";
			sourceTree = "<group>";
		};
		7A69C20429326A6E00525019 /* Presentation */ = {
			isa = PBXGroup;
			children = (
				7A69C20529326A8800525019 /* Template.swift */,
			);
			path = Presentation;
			sourceTree = "<group>";
		};
		7AEF93BC291C1AFF000F9544 /* Extensions */ = {
			isa = PBXGroup;
			children = (
				7AEF93BD291C1B17000F9544 /* Rendering.swift */,
				7A69C2072932711D00525019 /* GyroExtension.swift */,
				7A69C20929338A2000525019 /* SceneKitSupport.swift */,
			);
			path = Extensions;
			sourceTree = "<group>";
		};
/* End PBXGroup section */

/* Begin PBXNativeTarget section */
		7A5651D228F08BE2004DBA22 /* ExploreQuaternions */ = {
			isa = PBXNativeTarget;
			buildConfigurationList = 7A5651E128F08BE3004DBA22 /* Build configuration list for PBXNativeTarget "ExploreQuaternions" */;
			buildPhases = (
				7A5651CF28F08BE2004DBA22 /* Sources */,
				7A5651D028F08BE2004DBA22 /* Frameworks */,
				7A5651D128F08BE2004DBA22 /* Resources */,
			);
			buildRules = (
			);
			dependencies = (
			);
			name = ExploreQuaternions;
			productName = WSeminar;
			productReference = 7A5651D328F08BE2004DBA22 /* ExploreQuaternions.app */;
			productType = "com.apple.product-type.application";
		};
/* End PBXNativeTarget section */

/* Begin PBXProject section */
		7A5651CB28F08BE2004DBA22 /* Project object */ = {
			isa = PBXProject;
			attributes = {
				BuildIndependentTargetsInParallel = 1;
				LastSwiftUpdateCheck = 1400;
				LastUpgradeCheck = 1400;
				TargetAttributes = {
					7A5651D228F08BE2004DBA22 = {
						CreatedOnToolsVersion = 14.0;
					};
				};
			};
			buildConfigurationList = 7A5651CE28F08BE2004DBA22 /* Build configuration list for PBXProject "ExploreQuaternions" */;
			compatibilityVersion = "Xcode 14.0";
			developmentRegion = en;
			hasScannedForEncodings = 0;
			knownRegions = (
				en,
				Base,
			);
			mainGroup = 7A5651CA28F08BE2004DBA22;
			productRefGroup = 7A5651D428F08BE2004DBA22 /* Products */;
			projectDirPath = "";
			projectRoot = "";
			targets = (
				7A5651D228F08BE2004DBA22 /* ExploreQuaternions */,
			);
		};
/* End PBXProject section */

/* Begin PBXResourcesBuildPhase section */
		7A5651D128F08BE2004DBA22 /* Resources */ = {
			isa = PBXResourcesBuildPhase;
			buildActionMask = 2147483647;
			files = (
				7A5651DE28F08BE3004DBA22 /* Preview Assets.xcassets in Resources */,
				7A5651DB28F08BE3004DBA22 /* Assets.xcassets in Resources */,
			);
			runOnlyForDeploymentPostprocessing = 0;
		};
/* End PBXResourcesBuildPhase section */

/* Begin PBXSourcesBuildPhase section */
		7A5651CF28F08BE2004DBA22 /* Sources */ = {
			isa = PBXSourcesBuildPhase;
			buildActionMask = 2147483647;
			files = (
				7A4773F62900730A0014E7FD /* Slerp.swift in Sources */,
				7ACF0D7929196766000EC057 /* Numpad.swift in Sources */,
				7A69C2082932711D00525019 /* GyroExtension.swift in Sources */,
				7A69C20629326A8800525019 /* Template.swift in Sources */,
				7A4773F8290073180014E7FD /* Spline.swift in Sources */,
				7A4773FC2900744A0014E7FD /* Playground.swift in Sources */,
				7A5651D928F08BE2004DBA22 /* ContentView.swift in Sources */,
				7A4773F1290072B10014E7FD /* Multiplikation.swift in Sources */,
				7A69C20A29338A2000525019 /* SceneKitSupport.swift in Sources */,
				7A4773F3290072C70014E7FD /* Division.swift in Sources */,
				7A4773EF2900728D0014E7FD /* AddSub.swift in Sources */,
				7AEF93BE291C1B17000F9544 /* Rendering.swift in Sources */,
				7A4773FA290073260014E7FD /* Gyro.swift in Sources */,
				7A5651D728F08BE2004DBA22 /* WSeminarApp.swift in Sources */,
				7A4634672904333400475FBA /* Snapshot.swift in Sources */,
			);
			runOnlyForDeploymentPostprocessing = 0;
		};
/* End PBXSourcesBuildPhase section */

/* Begin XCBuildConfiguration section */
		7A5651DF28F08BE3004DBA22 /* Debug */ = {
			isa = XCBuildConfiguration;
			buildSettings = {
				ALWAYS_SEARCH_USER_PATHS = NO;
				CLANG_ANALYZER_NONNULL = YES;
				CLANG_ANALYZER_NUMBER_OBJECT_CONVERSION = YES_AGGRESSIVE;
				CLANG_CXX_LANGUAGE_STANDARD = "gnu++20";
				CLANG_ENABLE_MODULES = YES;
				CLANG_ENABLE_OBJC_ARC = YES;
				CLANG_ENABLE_OBJC_WEAK = YES;
				CLANG_WARN_BLOCK_CAPTURE_AUTORELEASING = YES;
				CLANG_WARN_BOOL_CONVERSION = YES;
				CLANG_WARN_COMMA = YES;
				CLANG_WARN_CONSTANT_CONVERSION = YES;
				CLANG_WARN_DEPRECATED_OBJC_IMPLEMENTATIONS = YES;
				CLANG_WARN_DIRECT_OBJC_ISA_USAGE = YES_ERROR;
				CLANG_WARN_DOCUMENTATION_COMMENTS = YES;
				CLANG_WARN_EMPTY_BODY = YES;
				CLANG_WARN_ENUM_CONVERSION = YES;
				CLANG_WARN_INFINITE_RECURSION = YES;
				CLANG_WARN_INT_CONVERSION = YES;
				CLANG_WARN_NON_LITERAL_NULL_CONVERSION = YES;
				CLANG_WARN_OBJC_IMPLICIT_RETAIN_SELF = YES;
				CLANG_WARN_OBJC_LITERAL_CONVERSION = YES;
				CLANG_WARN_OBJC_ROOT_CLASS = YES_ERROR;
				CLANG_WARN_QUOTED_INCLUDE_IN_FRAMEWORK_HEADER = YES;
				CLANG_WARN_RANGE_LOOP_ANALYSIS = YES;
				CLANG_WARN_STRICT_PROTOTYPES = YES;
				CLANG_WARN_SUSPICIOUS_MOVE = YES;
				CLANG_WARN_UNGUARDED_AVAILABILITY = YES_AGGRESSIVE;
				CLANG_WARN_UNREACHABLE_CODE = YES;
				CLANG_WARN__DUPLICATE_METHOD_MATCH = YES;
				COPY_PHASE_STRIP = NO;
				DEBUG_INFORMATION_FORMAT = dwarf;
				ENABLE_STRICT_OBJC_MSGSEND = YES;
				ENABLE_TESTABILITY = YES;
				GCC_C_LANGUAGE_STANDARD = gnu11;
				GCC_DYNAMIC_NO_PIC = NO;
				GCC_NO_COMMON_BLOCKS = YES;
				GCC_OPTIMIZATION_LEVEL = 0;
				GCC_PREPROCESSOR_DEFINITIONS = (
					"DEBUG=1",
					"$(inherited)",
				);
				GCC_WARN_64_TO_32_BIT_CONVERSION = YES;
				GCC_WARN_ABOUT_RETURN_TYPE = YES_ERROR;
				GCC_WARN_UNDECLARED_SELECTOR = YES;
				GCC_WARN_UNINITIALIZED_AUTOS = YES_AGGRESSIVE;
				GCC_WARN_UNUSED_FUNCTION = YES;
				GCC_WARN_UNUSED_VARIABLE = YES;
				IPHONEOS_DEPLOYMENT_TARGET = 16.0;
				MTL_ENABLE_DEBUG_INFO = INCLUDE_SOURCE;
				MTL_FAST_MATH = YES;
				ONLY_ACTIVE_ARCH = YES;
				SDKROOT = iphoneos;
				SWIFT_ACTIVE_COMPILATION_CONDITIONS = DEBUG;
				SWIFT_OPTIMIZATION_LEVEL = "-Onone";
			};
			name = Debug;
		};
		7A5651E028F08BE3004DBA22 /* Release */ = {
			isa = XCBuildConfiguration;
			buildSettings = {
				ALWAYS_SEARCH_USER_PATHS = NO;
				CLANG_ANALYZER_NONNULL = YES;
				CLANG_ANALYZER_NUMBER_OBJECT_CONVERSION = YES_AGGRESSIVE;
				CLANG_CXX_LANGUAGE_STANDARD = "gnu++20";
				CLANG_ENABLE_MODULES = YES;
				CLANG_ENABLE_OBJC_ARC = YES;
				CLANG_ENABLE_OBJC_WEAK = YES;
				CLANG_WARN_BLOCK_CAPTURE_AUTORELEASING = YES;
				CLANG_WARN_BOOL_CONVERSION = YES;
				CLANG_WARN_COMMA = YES;
				CLANG_WARN_CONSTANT_CONVERSION = YES;
				CLANG_WARN_DEPRECATED_OBJC_IMPLEMENTATIONS = YES;
				CLANG_WARN_DIRECT_OBJC_ISA_USAGE = YES_ERROR;
				CLANG_WARN_DOCUMENTATION_COMMENTS = YES;
				CLANG_WARN_EMPTY_BODY = YES;
				CLANG_WARN_ENUM_CONVERSION = YES;
				CLANG_WARN_INFINITE_RECURSION = YES;
				CLANG_WARN_INT_CONVERSION = YES;
				CLANG_WARN_NON_LITERAL_NULL_CONVERSION = YES;
				CLANG_WARN_OBJC_IMPLICIT_RETAIN_SELF = YES;
				CLANG_WARN_OBJC_LITERAL_CONVERSION = YES;
				CLANG_WARN_OBJC_ROOT_CLASS = YES_ERROR;
				CLANG_WARN_QUOTED_INCLUDE_IN_FRAMEWORK_HEADER = YES;
				CLANG_WARN_RANGE_LOOP_ANALYSIS = YES;
				CLANG_WARN_STRICT_PROTOTYPES = YES;
				CLANG_WARN_SUSPICIOUS_MOVE = YES;
				CLANG_WARN_UNGUARDED_AVAILABILITY = YES_AGGRESSIVE;
				CLANG_WARN_UNREACHABLE_CODE = YES;
				CLANG_WARN__DUPLICATE_METHOD_MATCH = YES;
				COPY_PHASE_STRIP = NO;
				DEBUG_INFORMATION_FORMAT = "dwarf-with-dsym";
				ENABLE_NS_ASSERTIONS = NO;
				ENABLE_STRICT_OBJC_MSGSEND = YES;
				GCC_C_LANGUAGE_STANDARD = gnu11;
				GCC_NO_COMMON_BLOCKS = YES;
				GCC_WARN_64_TO_32_BIT_CONVERSION = YES;
				GCC_WARN_ABOUT_RETURN_TYPE = YES_ERROR;
				GCC_WARN_UNDECLARED_SELECTOR = YES;
				GCC_WARN_UNINITIALIZED_AUTOS = YES_AGGRESSIVE;
				GCC_WARN_UNUSED_FUNCTION = YES;
				GCC_WARN_UNUSED_VARIABLE = YES;
				IPHONEOS_DEPLOYMENT_TARGET = 16.0;
				MTL_ENABLE_DEBUG_INFO = NO;
				MTL_FAST_MATH = YES;
				SDKROOT = iphoneos;
				SWIFT_COMPILATION_MODE = wholemodule;
				SWIFT_OPTIMIZATION_LEVEL = "-O";
				VALIDATE_PRODUCT = YES;
			};
			name = Release;
		};
		7A5651E228F08BE3004DBA22 /* Debug */ = {
			isa = XCBuildConfiguration;
			buildSettings = {
				ASSETCATALOG_COMPILER_APPICON_NAME = AppIcon;
				ASSETCATALOG_COMPILER_GLOBAL_ACCENT_COLOR_NAME = AccentColor;
				CODE_SIGN_STYLE = Automatic;
				CURRENT_PROJECT_VERSION = 1;
				DEVELOPMENT_ASSET_PATHS = "\"WSeminar/Preview Content\"";
				DEVELOPMENT_TEAM = SVSHDX7X7B;
				ENABLE_PREVIEWS = YES;
				GENERATE_INFOPLIST_FILE = YES;
				INFOPLIST_KEY_NSPhotoLibraryAddUsageDescription = "Export image";
				INFOPLIST_KEY_UIApplicationSceneManifest_Generation = YES;
				INFOPLIST_KEY_UIApplicationSupportsIndirectInputEvents = YES;
				INFOPLIST_KEY_UILaunchScreen_Generation = YES;
				INFOPLIST_KEY_UIRequiresFullScreen = YES;
				INFOPLIST_KEY_UIStatusBarStyle = "";
				INFOPLIST_KEY_UISupportedInterfaceOrientations = "UIInterfaceOrientationLandscapeLeft UIInterfaceOrientationLandscapeRight";
				IPHONEOS_DEPLOYMENT_TARGET = 15.0;
				LD_RUNPATH_SEARCH_PATHS = (
					"$(inherited)",
					"@executable_path/Frameworks",
				);
				MARKETING_VERSION = 1.0;
				PRODUCT_BUNDLE_IDENTIFIER = me.matthias.meierlohr.WSeminar;
				PRODUCT_NAME = "$(TARGET_NAME)";
				SWIFT_EMIT_LOC_STRINGS = YES;
				SWIFT_VERSION = 5.0;
				TARGETED_DEVICE_FAMILY = "1,2";
			};
			name = Debug;
		};
		7A5651E328F08BE3004DBA22 /* Release */ = {
			isa = XCBuildConfiguration;
			buildSettings = {
				ASSETCATALOG_COMPILER_APPICON_NAME = AppIcon;
				ASSETCATALOG_COMPILER_GLOBAL_ACCENT_COLOR_NAME = AccentColor;
				CODE_SIGN_STYLE = Automatic;
				CURRENT_PROJECT_VERSION = 1;
				DEVELOPMENT_ASSET_PATHS = "\"WSeminar/Preview Content\"";
				DEVELOPMENT_TEAM = SVSHDX7X7B;
				ENABLE_PREVIEWS = YES;
				GENERATE_INFOPLIST_FILE = YES;
				INFOPLIST_KEY_NSPhotoLibraryAddUsageDescription = "Export image";
				INFOPLIST_KEY_UIApplicationSceneManifest_Generation = YES;
				INFOPLIST_KEY_UIApplicationSupportsIndirectInputEvents = YES;
				INFOPLIST_KEY_UILaunchScreen_Generation = YES;
				INFOPLIST_KEY_UIRequiresFullScreen = YES;
				INFOPLIST_KEY_UIStatusBarStyle = "";
				INFOPLIST_KEY_UISupportedInterfaceOrientations = "UIInterfaceOrientationLandscapeLeft UIInterfaceOrientationLandscapeRight";
				IPHONEOS_DEPLOYMENT_TARGET = 15.0;
				LD_RUNPATH_SEARCH_PATHS = (
					"$(inherited)",
					"@executable_path/Frameworks",
				);
				MARKETING_VERSION = 1.0;
				PRODUCT_BUNDLE_IDENTIFIER = me.matthias.meierlohr.WSeminar;
				PRODUCT_NAME = "$(TARGET_NAME)";
				SWIFT_EMIT_LOC_STRINGS = YES;
				SWIFT_VERSION = 5.0;
				TARGETED_DEVICE_FAMILY = "1,2";
			};
			name = Release;
		};
/* End XCBuildConfiguration section */

/* Begin XCConfigurationList section */
		7A5651CE28F08BE2004DBA22 /* Build configuration list for PBXProject "ExploreQuaternions" */ = {
			isa = XCConfigurationList;
			buildConfigurations = (
				7A5651DF28F08BE3004DBA22 /* Debug */,
				7A5651E028F08BE3004DBA22 /* Release */,
			);
			defaultConfigurationIsVisible = 0;
			defaultConfigurationName = Release;
		};
		7A5651E128F08BE3004DBA22 /* Build configuration list for PBXNativeTarget "ExploreQuaternions" */ = {
			isa = XCConfigurationList;
			buildConfigurations = (
				7A5651E228F08BE3004DBA22 /* Debug */,
				7A5651E328F08BE3004DBA22 /* Release */,
			);
			defaultConfigurationIsVisible = 0;
			defaultConfigurationName = Release;
		};
/* End XCConfigurationList section */
	};
	rootObject = 7A5651CB28F08BE2004DBA22 /* Project object */;
}
